
Microsoft Visual Studio Solution File, Format Version 12.00
# Visual Studio Version 17
VisualStudioVersion = 17.4.33205.214
MinimumVisualStudioVersion = 10.0.40219.1
Project("{8BC9CEB8-8B4A-11D0-8D11-00A0C91BC942}") = "practic", "practic.vcxproj", "{009F82B6-DC4B-4BB0-BF23-9021EFF17310}"
EndProject
Global
	GlobalSection(SolutionConfigurationPlatforms) = preSolution
		Debug|x64 = Debug|x64
		Release|x64 = Release|x64
	EndGlobalSection
	GlobalSection(ProjectConfigurationPlatforms) = postSolution
		{009F82B6-DC4B-4BB0-BF23-9021EFF17310}.Debug|x64.ActiveCfg = Debug|x64
		{009F82B6-DC4B-4BB0-BF23-9021EFF17310}.Debug|x64.Build.0 = Debug|x64
		{009F82B6-DC4B-4BB0-BF23-9021EFF17310}.Release|x64.ActiveCfg = Release|x64
		{009F82B6-DC4B-4BB0-BF23-9021EFF17310}.Release|x64.Build.0 = Release|x64
	EndGlobalSection
	GlobalSection(SolutionProperties) = preSolution
		HideSolutionNode = FALSE
	EndGlobalSection
	GlobalSection(ExtensibilityGlobals) = postSolution
		SolutionGuid = {E70424AC-0370-460D-8D65-905B2E8F0124}
	EndGlobalSection
EndGlobal
